
Microsoft Visual Studio Solution File, Format Version 12.00
# Visual Studio Version 16
VisualStudioVersion = 16.0.29519.181
MinimumVisualStudioVersion = 10.0.40219.1
Project("{9A19103F-16F7-4668-BE54-9A1E7A4F7556}") = "STOnline.WEB", "STOnline.WEB\STOnline.WEB.csproj", "{E6B21DA3-EE2F-42F1-91A0-69EBCF6746CA}"
EndProject
Project("{9A19103F-16F7-4668-BE54-9A1E7A4F7556}") = "STOnline.DAL", "STOnline.DAL\STOnline.DAL.csproj", "{AFECBF98-5189-46D9-AE08-B2C73BD43DA2}"
EndProject
Project("{9A19103F-16F7-4668-BE54-9A1E7A4F7556}") = "STOnline.Identity", "STOnline.Identity\STOnline.Identity.csproj", "{97CDC281-CCFA-417F-8A96-A0CE151FDF22}"
EndProject
Project("{9A19103F-16F7-4668-BE54-9A1E7A4F7556}") = "STOnline.BLL", "STOnline.BLL\STOnline.BLL.csproj", "{9282B106-3844-48E5-B0E3-CC43465555ED}"
EndProject
Project("{9A19103F-16F7-4668-BE54-9A1E7A4F7556}") = "STOnline.Frontend", "STOnline.Frontend\STOnline.Frontend.csproj", "{25876FF3-C2A0-4625-B075-11E68ED9B534}"
EndProject
Global
	GlobalSection(SolutionConfigurationPlatforms) = preSolution
		Debug|Any CPU = Debug|Any CPU
		Release|Any CPU = Release|Any CPU
	EndGlobalSection
	GlobalSection(ProjectConfigurationPlatforms) = postSolution
		{E6B21DA3-EE2F-42F1-91A0-69EBCF6746CA}.Debug|Any CPU.ActiveCfg = Debug|Any CPU
		{E6B21DA3-EE2F-42F1-91A0-69EBCF6746CA}.Debug|Any CPU.Build.0 = Debug|Any CPU
		{E6B21DA3-EE2F-42F1-91A0-69EBCF6746CA}.Release|Any CPU.ActiveCfg = Release|Any CPU
		{E6B21DA3-EE2F-42F1-91A0-69EBCF6746CA}.Release|Any CPU.Build.0 = Release|Any CPU
		{AFECBF98-5189-46D9-AE08-B2C73BD43DA2}.Debug|Any CPU.ActiveCfg = Debug|Any CPU
		{AFECBF98-5189-46D9-AE08-B2C73BD43DA2}.Debug|Any CPU.Build.0 = Debug|Any CPU
		{AFECBF98-5189-46D9-AE08-B2C73BD43DA2}.Release|Any CPU.ActiveCfg = Release|Any CPU
		{AFECBF98-5189-46D9-AE08-B2C73BD43DA2}.Release|Any CPU.Build.0 = Release|Any CPU
		{97CDC281-CCFA-417F-8A96-A0CE151FDF22}.Debug|Any CPU.ActiveCfg = Debug|Any CPU
		{97CDC281-CCFA-417F-8A96-A0CE151FDF22}.Debug|Any CPU.Build.0 = Debug|Any CPU
		{97CDC281-CCFA-417F-8A96-A0CE151FDF22}.Release|Any CPU.ActiveCfg = Release|Any CPU
		{97CDC281-CCFA-417F-8A96-A0CE151FDF22}.Release|Any CPU.Build.0 = Release|Any CPU
		{9282B106-3844-48E5-B0E3-CC43465555ED}.Debug|Any CPU.ActiveCfg = Debug|Any CPU
		{9282B106-3844-48E5-B0E3-CC43465555ED}.Debug|Any CPU.Build.0 = Debug|Any CPU
		{9282B106-3844-48E5-B0E3-CC43465555ED}.Release|Any CPU.ActiveCfg = Release|Any CPU
		{9282B106-3844-48E5-B0E3-CC43465555ED}.Release|Any CPU.Build.0 = Release|Any CPU
		{25876FF3-C2A0-4625-B075-11E68ED9B534}.Debug|Any CPU.ActiveCfg = Debug|Any CPU
		{25876FF3-C2A0-4625-B075-11E68ED9B534}.Debug|Any CPU.Build.0 = Debug|Any CPU
		{25876FF3-C2A0-4625-B075-11E68ED9B534}.Release|Any CPU.ActiveCfg = Release|Any CPU
		{25876FF3-C2A0-4625-B075-11E68ED9B534}.Release|Any CPU.Build.0 = Release|Any CPU
	EndGlobalSection
	GlobalSection(SolutionProperties) = preSolution
		HideSolutionNode = FALSE
	EndGlobalSection
	GlobalSection(ExtensibilityGlobals) = postSolution
		SolutionGuid = {E6F4C61D-3B78-48A9-B27E-92D120E9C7BC}
	EndGlobalSection
EndGlobal
